Microsoft Visual Studio Solution File, Format Version 12.00
# Visual Studio Version 17
VisualStudioVersion = 17.5.2.0
MinimumVisualStudioVersion = 10.0.40219.1
Project("{FAE04EC0-301F-11D3-BF4B-00C04F79EFBC}") = "AdPlatformService", "AdPlatformService.csproj", "{F8A72509-3E1E-2C0A-CF20-6FC7C8B03CE3}"
EndProject
Global
	GlobalSection(SolutionConfigurationPlatforms) = preSolution
		Debug|Any CPU = Debug|Any CPU
		Release|Any CPU = Release|Any CPU
	EndGlobalSection
	GlobalSection(ProjectConfigurationPlatforms) = postSolution
		{F8A72509-3E1E-2C0A-CF20-6FC7C8B03CE3}.Debug|Any CPU.ActiveCfg = Debug|Any CPU
		{F8A72509-3E1E-2C0A-CF20-6FC7C8B03CE3}.Debug|Any CPU.Build.0 = Debug|Any CPU
		{F8A72509-3E1E-2C0A-CF20-6FC7C8B03CE3}.Release|Any CPU.ActiveCfg = Release|Any CPU
		{F8A72509-3E1E-2C0A-CF20-6FC7C8B03CE3}.Release|Any CPU.Build.0 = Release|Any CPU
	EndGlobalSection
	GlobalSection(SolutionProperties) = preSolution
		HideSolutionNode = FALSE
	EndGlobalSection
	GlobalSection(ExtensibilityGlobals) = postSolution
		SolutionGuid = {D39D70E9-80A1-4C22-97AB-AED7D4D6659E}
	EndGlobalSection
EndGlobal
